
Microsoft Visual Studio Solution File, Format Version 12.00
# Visual Studio Version 16
VisualStudioVersion = 16.0.29926.136
MinimumVisualStudioVersion = 10.0.40219.1
Project("{9A19103F-16F7-4668-BE54-9A1E7A4F7556}") = "IOD Tester", "IOD Tester\IOD Tester.csproj", "{FDBEB6F1-1765-40A8-8F08-EC74347C239E}"
EndProject
Project("{FAE04EC0-301F-11D3-BF4B-00C04F79EFBC}") = "Morphic.IoD", "Morphic.IoD\Morphic.IoD.csproj", "{2D7C7F1E-F86A-4DF6-AB97-D93B330E86E8}"
EndProject
Global
	GlobalSection(SolutionConfigurationPlatforms) = preSolution
		Debug|Any CPU = Debug|Any CPU
		Release|Any CPU = Release|Any CPU
	EndGlobalSection
	GlobalSection(ProjectConfigurationPlatforms) = postSolution
		{FDBEB6F1-1765-40A8-8F08-EC74347C239E}.Debug|Any CPU.ActiveCfg = Debug|Any CPU
		{FDBEB6F1-1765-40A8-8F08-EC74347C239E}.Debug|Any CPU.Build.0 = Debug|Any CPU
		{FDBEB6F1-1765-40A8-8F08-EC74347C239E}.Release|Any CPU.ActiveCfg = Release|Any CPU
		{FDBEB6F1-1765-40A8-8F08-EC74347C239E}.Release|Any CPU.Build.0 = Release|Any CPU
		{2D7C7F1E-F86A-4DF6-AB97-D93B330E86E8}.Debug|Any CPU.ActiveCfg = Debug|Any CPU
		{2D7C7F1E-F86A-4DF6-AB97-D93B330E86E8}.Debug|Any CPU.Build.0 = Debug|Any CPU
		{2D7C7F1E-F86A-4DF6-AB97-D93B330E86E8}.Release|Any CPU.ActiveCfg = Release|Any CPU
		{2D7C7F1E-F86A-4DF6-AB97-D93B330E86E8}.Release|Any CPU.Build.0 = Release|Any CPU
	EndGlobalSection
	GlobalSection(SolutionProperties) = preSolution
		HideSolutionNode = FALSE
	EndGlobalSection
	GlobalSection(ExtensibilityGlobals) = postSolution
		SolutionGuid = {FC47EDB5-FAA6-47D0-97A5-259A4C9DCA13}
	EndGlobalSection
EndGlobal
